
Microsoft Visual Studio Solution File, Format Version 12.00
# Visual Studio Version 17
VisualStudioVersion = 17.2.32526.322
MinimumVisualStudioVersion = 10.0.40219.1
Project("{2150E333-8FDC-42A3-9474-1A3956D46DE8}") = "src", "src", "{1BC8E6F0-E31D-49CC-8802-7F377DBF60F4}"
EndProject
Project("{9A19103F-16F7-4668-BE54-9A1E7A4F7556}") = "BattleSnake.Api", "src\BattleSnake.Api\BattleSnake.Api.csproj", "{FB8F46A4-5721-4D20-BBEE-B365EC46CD7D}"
EndProject
Project("{9A19103F-16F7-4668-BE54-9A1E7A4F7556}") = "BattleSnake.Core", "src\BattleSnake.Core\BattleSnake.Core.csproj", "{150247E6-02DC-4B35-B4D7-1C25666455D3}"
EndProject
Project("{9A19103F-16F7-4668-BE54-9A1E7A4F7556}") = "BattleSnake.PathVisualiser", "src\BattleSnake.PathVisualiser\BattleSnake.PathVisualiser.csproj", "{B66CF0FF-A8AB-45DF-8C58-408500C7188B}"
EndProject
Project("{2150E333-8FDC-42A3-9474-1A3956D46DE8}") = "test", "test", "{3AC64EAF-8BD3-4A64-B8B6-BF7481D363F3}"
EndProject
Project("{9A19103F-16F7-4668-BE54-9A1E7A4F7556}") = "BattleSnake.Test", "test\BattleSnake.Test\BattleSnake.Test.csproj", "{016DCA44-7721-421E-9091-562ED2690A9D}"
EndProject
Project("{2150E333-8FDC-42A3-9474-1A3956D46DE8}") = "Solution Items", "Solution Items", "{3943CDDF-C312-4CF8-A670-2AD7C38EC302}"
	ProjectSection(SolutionItems) = preProject
		.editorconfig = .editorconfig
	EndProjectSection
EndProject
Global
	GlobalSection(SolutionConfigurationPlatforms) = preSolution
		Debug|Any CPU = Debug|Any CPU
		Release|Any CPU = Release|Any CPU
	EndGlobalSection
	GlobalSection(ProjectConfigurationPlatforms) = postSolution
		{FB8F46A4-5721-4D20-BBEE-B365EC46CD7D}.Debug|Any CPU.ActiveCfg = Debug|Any CPU
		{FB8F46A4-5721-4D20-BBEE-B365EC46CD7D}.Debug|Any CPU.Build.0 = Debug|Any CPU
		{FB8F46A4-5721-4D20-BBEE-B365EC46CD7D}.Release|Any CPU.ActiveCfg = Release|Any CPU
		{FB8F46A4-5721-4D20-BBEE-B365EC46CD7D}.Release|Any CPU.Build.0 = Release|Any CPU
		{150247E6-02DC-4B35-B4D7-1C25666455D3}.Debug|Any CPU.ActiveCfg = Debug|Any CPU
		{150247E6-02DC-4B35-B4D7-1C25666455D3}.Debug|Any CPU.Build.0 = Debug|Any CPU
		{150247E6-02DC-4B35-B4D7-1C25666455D3}.Release|Any CPU.ActiveCfg = Release|Any CPU
		{150247E6-02DC-4B35-B4D7-1C25666455D3}.Release|Any CPU.Build.0 = Release|Any CPU
		{B66CF0FF-A8AB-45DF-8C58-408500C7188B}.Debug|Any CPU.ActiveCfg = Debug|Any CPU
		{B66CF0FF-A8AB-45DF-8C58-408500C7188B}.Debug|Any CPU.Build.0 = Debug|Any CPU
		{B66CF0FF-A8AB-45DF-8C58-408500C7188B}.Release|Any CPU.ActiveCfg = Release|Any CPU
		{B66CF0FF-A8AB-45DF-8C58-408500C7188B}.Release|Any CPU.Build.0 = Release|Any CPU
		{016DCA44-7721-421E-9091-562ED2690A9D}.Debug|Any CPU.ActiveCfg = Debug|Any CPU
		{016DCA44-7721-421E-9091-562ED2690A9D}.Debug|Any CPU.Build.0 = Debug|Any CPU
		{016DCA44-7721-421E-9091-562ED2690A9D}.Release|Any CPU.ActiveCfg = Release|Any CPU
		{016DCA44-7721-421E-9091-562ED2690A9D}.Release|Any CPU.Build.0 = Release|Any CPU
	EndGlobalSection
	GlobalSection(SolutionProperties) = preSolution
		HideSolutionNode = FALSE
	EndGlobalSection
	GlobalSection(NestedProjects) = preSolution
		{FB8F46A4-5721-4D20-BBEE-B365EC46CD7D} = {1BC8E6F0-E31D-49CC-8802-7F377DBF60F4}
		{150247E6-02DC-4B35-B4D7-1C25666455D3} = {1BC8E6F0-E31D-49CC-8802-7F377DBF60F4}
		{B66CF0FF-A8AB-45DF-8C58-408500C7188B} = {1BC8E6F0-E31D-49CC-8802-7F377DBF60F4}
		{016DCA44-7721-421E-9091-562ED2690A9D} = {3AC64EAF-8BD3-4A64-B8B6-BF7481D363F3}
	EndGlobalSection
	GlobalSection(ExtensibilityGlobals) = postSolution
		SolutionGuid = {40DAEF90-0D5E-4472-AE53-EA84CA59F4DD}
	EndGlobalSection
EndGlobal
