
Microsoft Visual Studio Solution File, Format Version 12.00
# Visual Studio Version 17
VisualStudioVersion = 17.0.31903.59
MinimumVisualStudioVersion = 10.0.40219.1
Project("{2150E333-8FDC-42A3-9474-1A3956D46DE8}") = "src", "src", "{1002B7D0-C7EA-47B6-8226-F2873EDBE488}"
EndProject
Project("{FAE04EC0-301F-11D3-BF4B-00C04F79EFBC}") = "BattleSnake.Core", "src\BattleSnake.Core\BattleSnake.Core.csproj", "{9AAF7245-19D7-4CED-A9EC-7E9C914D83B2}"
EndProject
Project("{2150E333-8FDC-42A3-9474-1A3956D46DE8}") = "test", "test", "{26F48AAF-8825-4685-9984-4AE1C78BEF8B}"
EndProject
Project("{FAE04EC0-301F-11D3-BF4B-00C04F79EFBC}") = "BattleSnake.Test", "test\BattleSnake.Test\BattleSnake.Test.csproj", "{213719E6-C683-4B94-A4A2-CAD33A2E23DB}"
EndProject
Project("{FAE04EC0-301F-11D3-BF4B-00C04F79EFBC}") = "BattleSnake.Api", "src\BattleSnake.Api\BattleSnake.Api.csproj", "{C4F700EC-BEB7-468B-9B4D-863409D85882}"
EndProject
Global
	GlobalSection(SolutionConfigurationPlatforms) = preSolution
		Debug|Any CPU = Debug|Any CPU
		Release|Any CPU = Release|Any CPU
	EndGlobalSection
	GlobalSection(SolutionProperties) = preSolution
		HideSolutionNode = FALSE
	EndGlobalSection
	GlobalSection(ProjectConfigurationPlatforms) = postSolution
		{9AAF7245-19D7-4CED-A9EC-7E9C914D83B2}.Debug|Any CPU.ActiveCfg = Debug|Any CPU
		{9AAF7245-19D7-4CED-A9EC-7E9C914D83B2}.Debug|Any CPU.Build.0 = Debug|Any CPU
		{9AAF7245-19D7-4CED-A9EC-7E9C914D83B2}.Release|Any CPU.ActiveCfg = Release|Any CPU
		{9AAF7245-19D7-4CED-A9EC-7E9C914D83B2}.Release|Any CPU.Build.0 = Release|Any CPU
		{213719E6-C683-4B94-A4A2-CAD33A2E23DB}.Debug|Any CPU.ActiveCfg = Debug|Any CPU
		{213719E6-C683-4B94-A4A2-CAD33A2E23DB}.Debug|Any CPU.Build.0 = Debug|Any CPU
		{213719E6-C683-4B94-A4A2-CAD33A2E23DB}.Release|Any CPU.ActiveCfg = Release|Any CPU
		{213719E6-C683-4B94-A4A2-CAD33A2E23DB}.Release|Any CPU.Build.0 = Release|Any CPU
		{C4F700EC-BEB7-468B-9B4D-863409D85882}.Debug|Any CPU.ActiveCfg = Debug|Any CPU
		{C4F700EC-BEB7-468B-9B4D-863409D85882}.Debug|Any CPU.Build.0 = Debug|Any CPU
		{C4F700EC-BEB7-468B-9B4D-863409D85882}.Release|Any CPU.ActiveCfg = Release|Any CPU
		{C4F700EC-BEB7-468B-9B4D-863409D85882}.Release|Any CPU.Build.0 = Release|Any CPU
	EndGlobalSection
	GlobalSection(NestedProjects) = preSolution
		{9AAF7245-19D7-4CED-A9EC-7E9C914D83B2} = {1002B7D0-C7EA-47B6-8226-F2873EDBE488}
		{213719E6-C683-4B94-A4A2-CAD33A2E23DB} = {26F48AAF-8825-4685-9984-4AE1C78BEF8B}
		{C4F700EC-BEB7-468B-9B4D-863409D85882} = {1002B7D0-C7EA-47B6-8226-F2873EDBE488}
	EndGlobalSection
EndGlobal
